Microsoft Visual Studio Solution File, Format Version 12.00
# Visual Studio Version 17
VisualStudioVersion = 17.5.2.0
MinimumVisualStudioVersion = 10.0.40219.1
Project("{FAE04EC0-301F-11D3-BF4B-00C04F79EFBC}") = "IntegrationTesting", "IntegrationTesting.csproj", "{BFAA5825-75A7-59B4-6C39-762079E572AA}"
EndProject
Global
	GlobalSection(SolutionConfigurationPlatforms) = preSolution
		Debug|Any CPU = Debug|Any CPU
		Release|Any CPU = Release|Any CPU
	EndGlobalSection
	GlobalSection(ProjectConfigurationPlatforms) = postSolution
		{BFAA5825-75A7-59B4-6C39-762079E572AA}.Debug|Any CPU.ActiveCfg = Debug|Any CPU
		{BFAA5825-75A7-59B4-6C39-762079E572AA}.Debug|Any CPU.Build.0 = Debug|Any CPU
		{BFAA5825-75A7-59B4-6C39-762079E572AA}.Release|Any CPU.ActiveCfg = Release|Any CPU
		{BFAA5825-75A7-59B4-6C39-762079E572AA}.Release|Any CPU.Build.0 = Release|Any CPU
	EndGlobalSection
	GlobalSection(SolutionProperties) = preSolution
		HideSolutionNode = FALSE
	EndGlobalSection
	GlobalSection(ExtensibilityGlobals) = postSolution
		SolutionGuid = {A53B25E4-9147-49CC-93A5-801DE7A370DA}
	EndGlobalSection
EndGlobal
